
Microsoft Visual Studio Solution File, Format Version 12.00
# Visual Studio Version 17
VisualStudioVersion = 17.0.32126.317
MinimumVisualStudioVersion = 10.0.40219.1
Project("{FAE04EC0-301F-11D3-BF4B-00C04F79EFBC}") = "PixelManager", "PixelManager\PixelManager.csproj", "{EF5CEE6F-FA11-4E9B-968F-6673BEC99717}"
EndProject
Global
	GlobalSection(SolutionConfigurationPlatforms) = preSolution
		Debug|Any CPU = Debug|Any CPU
		Release|Any CPU = Release|Any CPU
	EndGlobalSection
	GlobalSection(ProjectConfigurationPlatforms) = postSolution
		{EF5CEE6F-FA11-4E9B-968F-6673BEC99717}.Debug|Any CPU.ActiveCfg = Debug|Any CPU
		{EF5CEE6F-FA11-4E9B-968F-6673BEC99717}.Debug|Any CPU.Build.0 = Debug|Any CPU
		{EF5CEE6F-FA11-4E9B-968F-6673BEC99717}.Release|Any CPU.ActiveCfg = Release|Any CPU
		{EF5CEE6F-FA11-4E9B-968F-6673BEC99717}.Release|Any CPU.Build.0 = Release|Any CPU
	EndGlobalSection
	GlobalSection(SolutionProperties) = preSolution
		HideSolutionNode = FALSE
	EndGlobalSection
	GlobalSection(ExtensibilityGlobals) = postSolution
		SolutionGuid = {DCADAD3A-3916-4D99-B1E2-4A7516A05B9D}
	EndGlobalSection
EndGlobal
